
Microsoft Visual Studio Solution File, Format Version 12.00
Project("{FAE04EC0-301F-11D3-BF4B-00C04F79EFBC}") = "FuzzyTest", "FuzzyTest\FuzzyTest.csproj", "{977F4386-ED4B-4E1A-9062-2632D5F8E63C}"
EndProject
Global
	GlobalSection(SolutionConfigurationPlatforms) = preSolution
		Debug|Any CPU = Debug|Any CPU
		Release|Any CPU = Release|Any CPU
	EndGlobalSection
	GlobalSection(ProjectConfigurationPlatforms) = postSolution
		{977F4386-ED4B-4E1A-9062-2632D5F8E63C}.Debug|Any CPU.ActiveCfg = Debug|Any CPU
		{977F4386-ED4B-4E1A-9062-2632D5F8E63C}.Debug|Any CPU.Build.0 = Debug|Any CPU
		{977F4386-ED4B-4E1A-9062-2632D5F8E63C}.Release|Any CPU.ActiveCfg = Release|Any CPU
		{977F4386-ED4B-4E1A-9062-2632D5F8E63C}.Release|Any CPU.Build.0 = Release|Any CPU
	EndGlobalSection
EndGlobal
